// !$*UTF8*$!
{
	archiveVersion = 1;
	classes = {
	};
	objectVersion = 54;
	objects = {

/* Begin PBXBuildFile section */
		2C0B98A325D58584001FA414 /* VKLoginViewController.swift in Sources */ = {isa = PBXBuildFile; fileRef = 2C0B98A225D58584001FA414 /* VKLoginViewController.swift */; };
		2C0B98AE25D5957F001FA414 /* NetworkManager.swift in Sources */ = {isa = PBXBuildFile; fileRef = 2C0B98AD25D5957F001FA414 /* NetworkManager.swift */; };
		2C0B98B125D59B64001FA414 /* WebKit.framework in Frameworks */ = {isa = PBXBuildFile; fileRef = 2C0B98B025D59B64001FA414 /* WebKit.framework */; };
		2C1A33EB25C9AE5D000EE622 /* CustomNavigationViewController.swift in Sources */ = {isa = PBXBuildFile; fileRef = 2C1A33EA25C9AE5D000EE622 /* CustomNavigationViewController.swift */; };
		2C1A33EF25C9AF97000EE622 /* CustomPushAnimator.swift in Sources */ = {isa = PBXBuildFile; fileRef = 2C1A33EE25C9AF97000EE622 /* CustomPushAnimator.swift */; };
		2C1A33F225C9B353000EE622 /* CustomPopAnimator.swift in Sources */ = {isa = PBXBuildFile; fileRef = 2C1A33F125C9B353000EE622 /* CustomPopAnimator.swift */; };
		2C1A4C9C263344530039BC0C /* FullPhotoCollectionViewController.swift in Sources */ = {isa = PBXBuildFile; fileRef = 2C1A4C9A263344530039BC0C /* FullPhotoCollectionViewController.swift */; };
		2C1A4CA22633447C0039BC0C /* ImageNetwork.swift in Sources */ = {isa = PBXBuildFile; fileRef = 2C1A4CA02633447C0039BC0C /* ImageNetwork.swift */; };
		2C1AAB0F25D5838300DE8327 /* Pods_VK_Client.framework in Frameworks */ = {isa = PBXBuildFile; fileRef = 54B027F4C9B1E4718DD25EDA /* Pods_VK_Client.framework */; };
		2C2D91E325972A710055EBAD /* AllCommunitiesController.swift in Sources */ = {isa = PBXBuildFile; fileRef = 2C2D91E225972A710055EBAD /* AllCommunitiesController.swift */; };
		2C2D91E625972AB30055EBAD /* AllCommunitiesCell.swift in Sources */ = {isa = PBXBuildFile; fileRef = 2C2D91E525972AB30055EBAD /* AllCommunitiesCell.swift */; };
		2C2D91EF259742150055EBAD /* MyCommunitiesController.swift in Sources */ = {isa = PBXBuildFile; fileRef = 2C2D91EE259742150055EBAD /* MyCommunitiesController.swift */; };
		2C2D92062597A0800055EBAD /* MyFriendsController.swift in Sources */ = {isa = PBXBuildFile; fileRef = 2C2D92052597A0800055EBAD /* MyFriendsController.swift */; };
		2C32A2B425A4D1F000CB6755 /* Assets.xcassets in Resources */ = {isa = PBXBuildFile; fileRef = 2C32A2B325A4D1F000CB6755 /* Assets.xcassets */; };
		2C38496C25B433DA00DEFBA0 /* NewsViewController.swift in Sources */ = {isa = PBXBuildFile; fileRef = 2C38496B25B433DA00DEFBA0 /* NewsViewController.swift */; };
		2C38497125B436E900DEFBA0 /* PostTableViewCell.swift in Sources */ = {isa = PBXBuildFile; fileRef = 2C38496F25B436E900DEFBA0 /* PostTableViewCell.swift */; };
		2C38497225B436E900DEFBA0 /* PostTableViewCell.xib in Resources */ = {isa = PBXBuildFile; fileRef = 2C38497025B436E900DEFBA0 /* PostTableViewCell.xib */; };
		2C4191B225BF2C850091F973 /* FadingCircleView.swift in Sources */ = {isa = PBXBuildFile; fileRef = 2C4191B125BF2C850091F973 /* FadingCircleView.swift */; };
		2C506F1C25D0223300828B12 /* Session.swift in Sources */ = {isa = PBXBuildFile; fileRef = 2C506F1B25D0223300828B12 /* Session.swift */; };
		2C53963F264525110059497C /* AlbumsAsyncViewController.swift in Sources */ = {isa = PBXBuildFile; fileRef = 2C53963E264525110059497C /* AlbumsAsyncViewController.swift */; };
		2C65857E260CE69600538799 /* News.swift in Sources */ = {isa = PBXBuildFile; fileRef = 2C65857D260CE69600538799 /* News.swift */; };
		2C69D41D264524070040E885 /* Albums.swift in Sources */ = {isa = PBXBuildFile; fileRef = 2C69D41C264524070040E885 /* Albums.swift */; };
		2C7D12DE2610D6DE0037F856 /* NewsForm.swift in Sources */ = {isa = PBXBuildFile; fileRef = 2C7D12DD2610D6DE0037F856 /* NewsForm.swift */; };
		2CA5774E2645C264006B4EE7 /* PhotoAsyncViewController.swift in Sources */ = {isa = PBXBuildFile; fileRef = 2CA5774D2645C264006B4EE7 /* PhotoAsyncViewController.swift */; };
		2CA577512645C272006B4EE7 /* PhotoAsyncCellNode.swift in Sources */ = {isa = PBXBuildFile; fileRef = 2CA577502645C272006B4EE7 /* PhotoAsyncCellNode.swift */; };
		2CB448E3259CDCC10017702E /* NetworkService.swift in Sources */ = {isa = PBXBuildFile; fileRef = 2CB448E2259CDCC10017702E /* NetworkService.swift */; };
		2CB448E6259CDDEC0017702E /* UserForm.swift in Sources */ = {isa = PBXBuildFile; fileRef = 2CB448E5259CDDEC0017702E /* UserForm.swift */; };
		2CB448E9259CDE020017702E /* CommunitiesForm.swift in Sources */ = {isa = PBXBuildFile; fileRef = 2CB448E8259CDE020017702E /* CommunitiesForm.swift */; };
		2CB9CC21258DF71B0001C773 /* AppDelegate.swift in Sources */ = {isa = PBXBuildFile; fileRef = 2CB9CC20258DF71B0001C773 /* AppDelegate.swift */; };
		2CB9CC23258DF71B0001C773 /* SceneDelegate.swift in Sources */ = {isa = PBXBuildFile; fileRef = 2CB9CC22258DF71B0001C773 /* SceneDelegate.swift */; };
		2CB9CC28258DF71B0001C773 /* Main.storyboard in Resources */ = {isa = PBXBuildFile; fileRef = 2CB9CC26258DF71B0001C773 /* Main.storyboard */; };
		2CB9CC2D258DF71C0001C773 /* LaunchScreen.storyboard in Resources */ = {isa = PBXBuildFile; fileRef = 2CB9CC2B258DF71C0001C773 /* LaunchScreen.storyboard */; };
		2CB9CC37258DF7810001C773 /* LoginFormViewController.swift in Sources */ = {isa = PBXBuildFile; fileRef = 2CB9CC36258DF7810001C773 /* LoginFormViewController.swift */; };
		2CBD07382618E28200982ADF /* NewsGroup.swift in Sources */ = {isa = PBXBuildFile; fileRef = 2CBD07372618E28200982ADF /* NewsGroup.swift */; };
		2CBD073C2618E29E00982ADF /* NewsUser.swift in Sources */ = {isa = PBXBuildFile; fileRef = 2CBD073B2618E29E00982ADF /* NewsUser.swift */; };
		2CCA11D025A3844D0004E430 /* ShadowImageSettings.swift in Sources */ = {isa = PBXBuildFile; fileRef = 2CCA11CF25A3844D0004E430 /* ShadowImageSettings.swift */; };
		2CCE10F52629F01F0015687D /* CacheService.swift in Sources */ = {isa = PBXBuildFile; fileRef = 2CCE10F42629F01F0015687D /* CacheService.swift */; };
		2CDA95AA25CB039900AE6FBC /* CusomInteractiveTransitionVC.swift in Sources */ = {isa = PBXBuildFile; fileRef = 2CDA95A925CB039900AE6FBC /* CusomInteractiveTransitionVC.swift */; };
		2CDB5FF125EE405900CA95A0 /* MainTabBar.swift in Sources */ = {isa = PBXBuildFile; fileRef = 2CDB5FF025EE405900CA95A0 /* MainTabBar.swift */; };
		2CDCDE9B262345E000183747 /* UsersDataPromise.swift in Sources */ = {isa = PBXBuildFile; fileRef = 2CDCDE9A262345E000183747 /* UsersDataPromise.swift */; };
		2CDD7CE025E13EEE00914BA3 /* UserPhotos.swift in Sources */ = {isa = PBXBuildFile; fileRef = 2CDD7CDF25E13EEE00914BA3 /* UserPhotos.swift */; };
		2CDF9C1D2631C6700010F7F0 /* RealmFunc.swift in Sources */ = {isa = PBXBuildFile; fileRef = 2CDF9C1C2631C6700010F7F0 /* RealmFunc.swift */; };
		2CE9E95C25DADCD50028184C /* User.swift in Sources */ = {isa = PBXBuildFile; fileRef = 2CE9E95B25DADCD50028184C /* User.swift */; };
		2CEA8B36261F5EB300A9DC87 /* GroupsOperations.swift in Sources */ = {isa = PBXBuildFile; fileRef = 2CEA8B35261F5EB300A9DC87 /* GroupsOperations.swift */; };
		2CEA8B39261F5F6C00A9DC87 /* AsyncOperation.swift in Sources */ = {isa = PBXBuildFile; fileRef = 2CEA8B38261F5F6C00A9DC87 /* AsyncOperation.swift */; };
		2CEB7779261089670005C587 /* Group.swift in Sources */ = {isa = PBXBuildFile; fileRef = 2CEB7778261089670005C587 /* Group.swift */; };
		2CEBDA4425F61B5D0084D350 /* RealmManager.swift in Sources */ = {isa = PBXBuildFile; fileRef = 2CEBDA4325F61B5D0084D350 /* RealmManager.swift */; };
		2CF8A30D26453D1200FE82FD /* AlbumsAsyncCellNode.swift in Sources */ = {isa = PBXBuildFile; fileRef = 2CF8A30C26453D1200FE82FD /* AlbumsAsyncCellNode.swift */; };
		2CFB0B8325F297610034D1D8 /* SwiftyJSON.framework in Frameworks */ = {isa = PBXBuildFile; fileRef = 2CFB0B8225F297610034D1D8 /* SwiftyJSON.framework */; };
		2CFB0B8625F297650034D1D8 /* RealmSwift.framework in Frameworks */ = {isa = PBXBuildFile; fileRef = 2CFB0B8525F297650034D1D8 /* RealmSwift.framework */; };
		2CFB0B8925F297680034D1D8 /* Realm.framework in Frameworks */ = {isa = PBXBuildFile; fileRef = 2CFB0B8825F297680034D1D8 /* Realm.framework */; };
		2CFE90E225EA2F4B00167CD4 /* MyCommunitiesCell.swift in Sources */ = {isa = PBXBuildFile; fileRef = 2CFE90E025EA2F4B00167CD4 /* MyCommunitiesCell.swift */; };
		2CFE90E325EA2F4B00167CD4 /* MyCommunitiesCell.xib in Resources */ = {isa = PBXBuildFile; fileRef = 2CFE90E125EA2F4B00167CD4 /* MyCommunitiesCell.xib */; };
		2CFF20B325EC13E500F4ED26 /* MyFriendsCell .swift in Sources */ = {isa = PBXBuildFile; fileRef = 2CFF20B125EC13E500F4ED26 /* MyFriendsCell .swift */; };
		2CFF20B425EC13E500F4ED26 /* MyFriendsCell.xib in Resources */ = {isa = PBXBuildFile; fileRef = 2CFF20B225EC13E500F4ED26 /* MyFriendsCell.xib */; };
/* End PBXBuildFile section */

/* Begin PBXFileReference section */
		0B56A1ACF2BE0F7DAFBCBF49 /* Pods-VK Client.debug.xcconfig */ = {isa = PBXFileReference; includeInIndex = 1; lastKnownFileType = text.xcconfig; name = "Pods-VK Client.debug.xcconfig"; path = "Target Support Files/Pods-VK Client/Pods-VK Client.debug.xcconfig"; sourceTree = "<group>"; };
		0DA304EB16A16CAAAF63E4C4 /* Pods-VK Client.release.xcconfig */ = {isa = PBXFileReference; includeInIndex = 1; lastKnownFileType = text.xcconfig; name = "Pods-VK Client.release.xcconfig"; path = "Target Support Files/Pods-VK Client/Pods-VK Client.release.xcconfig"; sourceTree = "<group>"; };
		2C0B98A225D58584001FA414 /* VKLoginViewController.swift */ = {isa = PBXFileReference; lastKnownFileType = sourcecode.swift; path = VKLoginViewController.swift; sourceTree = "<group>"; };
		2C0B98AD25D5957F001FA414 /* NetworkManager.swift */ = {isa = PBXFileReference; lastKnownFileType = sourcecode.swift; path = NetworkManager.swift; sourceTree = "<group>"; };
		2C0B98B025D59B64001FA414 /* WebKit.framework */ = {isa = PBXFileReference; lastKnownFileType = wrapper.framework; name = WebKit.framework; path = System/Library/Frameworks/WebKit.framework; sourceTree = SDKROOT; };
		2C1A33EA25C9AE5D000EE622 /* CustomNavigationViewController.swift */ = {isa = PBXFileReference; lastKnownFileType = sourcecode.swift; path = CustomNavigationViewController.swift; sourceTree = "<group>"; };
		2C1A33EE25C9AF97000EE622 /* CustomPushAnimator.swift */ = {isa = PBXFileReference; lastKnownFileType = sourcecode.swift; path = CustomPushAnimator.swift; sourceTree = "<group>"; };
		2C1A33F125C9B353000EE622 /* CustomPopAnimator.swift */ = {isa = PBXFileReference; lastKnownFileType = sourcecode.swift; path = CustomPopAnimator.swift; sourceTree = "<group>"; };
		2C1A4C9A263344530039BC0C /* FullPhotoCollectionViewController.swift */ = {isa = PBXFileReference; lastKnownFileType = sourcecode.swift; path = FullPhotoCollectionViewController.swift; sourceTree = "<group>"; };
		2C1A4CA02633447C0039BC0C /* ImageNetwork.swift */ = {isa = PBXFileReference; lastKnownFileType = sourcecode.swift; path = ImageNetwork.swift; sourceTree = "<group>"; };
		2C2D91E225972A710055EBAD /* AllCommunitiesController.swift */ = {isa = PBXFileReference; lastKnownFileType = sourcecode.swift; path = AllCommunitiesController.swift; sourceTree = "<group>"; };
		2C2D91E525972AB30055EBAD /* AllCommunitiesCell.swift */ = {isa = PBXFileReference; lastKnownFileType = sourcecode.swift; path = AllCommunitiesCell.swift; sourceTree = "<group>"; };
		2C2D91EE259742150055EBAD /* MyCommunitiesController.swift */ = {isa = PBXFileReference; lastKnownFileType = sourcecode.swift; path = MyCommunitiesController.swift; sourceTree = "<group>"; };
		2C2D92052597A0800055EBAD /* MyFriendsController.swift */ = {isa = PBXFileReference; lastKnownFileType = sourcecode.swift; path = MyFriendsController.swift; sourceTree = "<group>"; };
		2C32A2B325A4D1F000CB6755 /* Assets.xcassets */ = {isa = PBXFileReference; lastKnownFileType = folder.assetcatalog; path = Assets.xcassets; sourceTree = "<group>"; };
		2C38496B25B433DA00DEFBA0 /* NewsViewController.swift */ = {isa = PBXFileReference; lastKnownFileType = sourcecode.swift; path = NewsViewController.swift; sourceTree = "<group>"; };
		2C38496F25B436E900DEFBA0 /* PostTableViewCell.swift */ = {isa = PBXFileReference; lastKnownFileType = sourcecode.swift; path = PostTableViewCell.swift; sourceTree = "<group>"; };
		2C38497025B436E900DEFBA0 /* PostTableViewCell.xib */ = {isa = PBXFileReference; lastKnownFileType = file.xib; path = PostTableViewCell.xib; sourceTree = "<group>"; };
		2C4191B125BF2C850091F973 /* FadingCircleView.swift */ = {isa = PBXFileReference; lastKnownFileType = sourcecode.swift; path = FadingCircleView.swift; sourceTree = "<group>"; };
		2C506F1B25D0223300828B12 /* Session.swift */ = {isa = PBXFileReference; lastKnownFileType = sourcecode.swift; path = Session.swift; sourceTree = "<group>"; };
		2C53963E264525110059497C /* AlbumsAsyncViewController.swift */ = {isa = PBXFileReference; lastKnownFileType = sourcecode.swift; path = AlbumsAsyncViewController.swift; sourceTree = "<group>"; };
		2C65857D260CE69600538799 /* News.swift */ = {isa = PBXFileReference; lastKnownFileType = sourcecode.swift; path = News.swift; sourceTree = "<group>"; };
		2C69D41C264524070040E885 /* Albums.swift */ = {isa = PBXFileReference; lastKnownFileType = sourcecode.swift; path = Albums.swift; sourceTree = "<group>"; };
		2C7D12DD2610D6DE0037F856 /* NewsForm.swift */ = {isa = PBXFileReference; lastKnownFileType = sourcecode.swift; path = NewsForm.swift; sourceTree = "<group>"; };
		2CA5774D2645C264006B4EE7 /* PhotoAsyncViewController.swift */ = {isa = PBXFileReference; lastKnownFileType = sourcecode.swift; path = PhotoAsyncViewController.swift; sourceTree = "<group>"; };
		2CA577502645C272006B4EE7 /* PhotoAsyncCellNode.swift */ = {isa = PBXFileReference; lastKnownFileType = sourcecode.swift; path = PhotoAsyncCellNode.swift; sourceTree = "<group>"; };
		2CB448E2259CDCC10017702E /* NetworkService.swift */ = {isa = PBXFileReference; lastKnownFileType = sourcecode.swift; path = NetworkService.swift; sourceTree = "<group>"; };
		2CB448E5259CDDEC0017702E /* UserForm.swift */ = {isa = PBXFileReference; lastKnownFileType = sourcecode.swift; path = UserForm.swift; sourceTree = "<group>"; };
		2CB448E8259CDE020017702E /* CommunitiesForm.swift */ = {isa = PBXFileReference; lastKnownFileType = sourcecode.swift; path = CommunitiesForm.swift; sourceTree = "<group>"; };
		2CB9CC1D258DF71B0001C773 /* VK Client.app */ = {isa = PBXFileReference; explicitFileType = wrapper.application; includeInIndex = 0; path = "VK Client.app"; sourceTree = BUILT_PRODUCTS_DIR; };
		2CB9CC20258DF71B0001C773 /* AppDelegate.swift */ = {isa = PBXFileReference; lastKnownFileType = sourcecode.swift; path = AppDelegate.swift; sourceTree = "<group>"; };
		2CB9CC22258DF71B0001C773 /* SceneDelegate.swift */ = {isa = PBXFileReference; lastKnownFileType = sourcecode.swift; path = SceneDelegate.swift; sourceTree = "<group>"; };
		2CB9CC27258DF71B0001C773 /* Base */ = {isa = PBXFileReference; lastKnownFileType = file.storyboard; name = Base; path = Base.lproj/Main.storyboard; sourceTree = "<group>"; };
		2CB9CC2C258DF71C0001C773 /* Base */ = {isa = PBXFileReference; lastKnownFileType = file.storyboard; name = Base; path = Base.lproj/LaunchScreen.storyboard; sourceTree = "<group>"; };
		2CB9CC2E258DF71C0001C773 /* Info.plist */ = {isa = PBXFileReference; lastKnownFileType = text.plist.xml; path = Info.plist; sourceTree = "<group>"; };
		2CB9CC36258DF7810001C773 /* LoginFormViewController.swift */ = {isa = PBXFileReference; lastKnownFileType = sourcecode.swift; path = LoginFormViewController.swift; sourceTree = "<group>"; };
		2CBD07372618E28200982ADF /* NewsGroup.swift */ = {isa = PBXFileReference; lastKnownFileType = sourcecode.swift; path = NewsGroup.swift; sourceTree = "<group>"; };
		2CBD073B2618E29E00982ADF /* NewsUser.swift */ = {isa = PBXFileReference; lastKnownFileType = sourcecode.swift; path = NewsUser.swift; sourceTree = "<group>"; };
		2CCA11CF25A3844D0004E430 /* ShadowImageSettings.swift */ = {isa = PBXFileReference; lastKnownFileType = sourcecode.swift; path = ShadowImageSettings.swift; sourceTree = "<group>"; };
		2CCE10F42629F01F0015687D /* CacheService.swift */ = {isa = PBXFileReference; lastKnownFileType = sourcecode.swift; path = CacheService.swift; sourceTree = "<group>"; };
		2CDA95A925CB039900AE6FBC /* CusomInteractiveTransitionVC.swift */ = {isa = PBXFileReference; lastKnownFileType = sourcecode.swift; path = CusomInteractiveTransitionVC.swift; sourceTree = "<group>"; };
		2CDB5FF025EE405900CA95A0 /* MainTabBar.swift */ = {isa = PBXFileReference; lastKnownFileType = sourcecode.swift; path = MainTabBar.swift; sourceTree = "<group>"; };
		2CDCDE9A262345E000183747 /* UsersDataPromise.swift */ = {isa = PBXFileReference; lastKnownFileType = sourcecode.swift; path = UsersDataPromise.swift; sourceTree = "<group>"; };
		2CDD7CDF25E13EEE00914BA3 /* UserPhotos.swift */ = {isa = PBXFileReference; lastKnownFileType = sourcecode.swift; path = UserPhotos.swift; sourceTree = "<group>"; };
		2CDF9C1C2631C6700010F7F0 /* RealmFunc.swift */ = {isa = PBXFileReference; lastKnownFileType = sourcecode.swift; path = RealmFunc.swift; sourceTree = "<group>"; };
		2CE9E95B25DADCD50028184C /* User.swift */ = {isa = PBXFileReference; lastKnownFileType = sourcecode.swift; path = User.swift; sourceTree = "<group>"; };
		2CEA8B35261F5EB300A9DC87 /* GroupsOperations.swift */ = {isa = PBXFileReference; lastKnownFileType = sourcecode.swift; path = GroupsOperations.swift; sourceTree = "<group>"; };
		2CEA8B38261F5F6C00A9DC87 /* AsyncOperation.swift */ = {isa = PBXFileReference; lastKnownFileType = sourcecode.swift; path = AsyncOperation.swift; sourceTree = "<group>"; };
		2CEB7778261089670005C587 /* Group.swift */ = {isa = PBXFileReference; lastKnownFileType = sourcecode.swift; path = Group.swift; sourceTree = "<group>"; };
		2CEBDA4325F61B5D0084D350 /* RealmManager.swift */ = {isa = PBXFileReference; lastKnownFileType = sourcecode.swift; path = RealmManager.swift; sourceTree = "<group>"; };
		2CF8A30C26453D1200FE82FD /* AlbumsAsyncCellNode.swift */ = {isa = PBXFileReference; lastKnownFileType = sourcecode.swift; path = AlbumsAsyncCellNode.swift; sourceTree = "<group>"; };
		2CFB0B8225F297610034D1D8 /* SwiftyJSON.framework */ = {isa = PBXFileReference; explicitFileType = wrapper.framework; path = SwiftyJSON.framework; sourceTree = BUILT_PRODUCTS_DIR; };
		2CFB0B8525F297650034D1D8 /* RealmSwift.framework */ = {isa = PBXFileReference; explicitFileType = wrapper.framework; path = RealmSwift.framework; sourceTree = BUILT_PRODUCTS_DIR; };
		2CFB0B8825F297680034D1D8 /* Realm.framework */ = {isa = PBXFileReference; explicitFileType = wrapper.framework; path = Realm.framework; sourceTree = BUILT_PRODUCTS_DIR; };
		2CFE90E025EA2F4B00167CD4 /* MyCommunitiesCell.swift */ = {isa = PBXFileReference; lastKnownFileType = sourcecode.swift; path = MyCommunitiesCell.swift; sourceTree = "<group>"; };
		2CFE90E125EA2F4B00167CD4 /* MyCommunitiesCell.xib */ = {isa = PBXFileReference; lastKnownFileType = file.xib; path = MyCommunitiesCell.xib; sourceTree = "<group>"; };
		2CFF20B125EC13E500F4ED26 /* MyFriendsCell .swift */ = {isa = PBXFileReference; lastKnownFileType = sourcecode.swift; path = "MyFriendsCell .swift"; sourceTree = "<group>"; };
		2CFF20B225EC13E500F4ED26 /* MyFriendsCell.xib */ = {isa = PBXFileReference; lastKnownFileType = file.xib; path = MyFriendsCell.xib; sourceTree = "<group>"; };
		54B027F4C9B1E4718DD25EDA /* Pods_VK_Client.framework */ = {isa = PBXFileReference; explicitFileType = wrapper.framework; includeInIndex = 0; path = Pods_VK_Client.framework; sourceTree = BUILT_PRODUCTS_DIR; };
/* End PBXFileReference section */

/* Begin PBXFrameworksBuildPhase section */
		2CB9CC1A258DF71B0001C773 /* Frameworks */ = {
			isa = PBXFrameworksBuildPhase;
			buildActionMask = 2147483647;
			files = (
				2C0B98B125D59B64001FA414 /* WebKit.framework in Frameworks */,
				2C1AAB0F25D5838300DE8327 /* Pods_VK_Client.framework in Frameworks */,
				2CFB0B8625F297650034D1D8 /* RealmSwift.framework in Frameworks */,
				2CFB0B8325F297610034D1D8 /* SwiftyJSON.framework in Frameworks */,
				2CFB0B8925F297680034D1D8 /* Realm.framework in Frameworks */,
			);
			runOnlyForDeploymentPostprocessing = 0;
		};
/* End PBXFrameworksBuildPhase section */

/* Begin PBXGroup section */
		2C00A8A425C854FF0014C9D5 /* Animation */ = {
			isa = PBXGroup;
			children = (
				2CB2DC3B25A4894000696543 /* ShadowImageSettings */,
				2C4191B125BF2C850091F973 /* FadingCircleView.swift */,
				2C1A33EA25C9AE5D000EE622 /* CustomNavigationViewController.swift */,
				2CDA95A925CB039900AE6FBC /* CusomInteractiveTransitionVC.swift */,
				2C1A33EE25C9AF97000EE622 /* CustomPushAnimator.swift */,
				2C1A33F125C9B353000EE622 /* CustomPopAnimator.swift */,
			);
			path = Animation;
			sourceTree = "<group>";
		};
		2C1A4C99263344130039BC0C /* FullPhoto */ = {
			isa = PBXGroup;
			children = (
				2C1A4C9A263344530039BC0C /* FullPhotoCollectionViewController.swift */,
			);
			path = FullPhoto;
			sourceTree = "<group>";
		};
		2C24DAFD26235F9700A25DE4 /* OperaionManager */ = {
			isa = PBXGroup;
			children = (
				2CEA8B38261F5F6C00A9DC87 /* AsyncOperation.swift */,
				2CEA8B35261F5EB300A9DC87 /* GroupsOperations.swift */,
			);
			path = OperaionManager;
			sourceTree = "<group>";
		};
		2C24DAFF26235FAD00A25DE4 /* PromiseManager */ = {
			isa = PBXGroup;
			children = (
				2CDCDE9A262345E000183747 /* UsersDataPromise.swift */,
			);
			path = PromiseManager;
			sourceTree = "<group>";
		};
		2C2D91DF2597293F0055EBAD /* AllCommunities */ = {
			isa = PBXGroup;
			children = (
				2C2D91E225972A710055EBAD /* AllCommunitiesController.swift */,
				2C2D91E525972AB30055EBAD /* AllCommunitiesCell.swift */,
			);
			path = AllCommunities;
			sourceTree = "<group>";
		};
		2C2D91E9259741BD0055EBAD /* MyCommunities */ = {
			isa = PBXGroup;
			children = (
				2C2D91EE259742150055EBAD /* MyCommunitiesController.swift */,
				2CFE90E025EA2F4B00167CD4 /* MyCommunitiesCell.swift */,
				2CFE90E125EA2F4B00167CD4 /* MyCommunitiesCell.xib */,
			);
			path = MyCommunities;
			sourceTree = "<group>";
		};
		2C2D91FA2597972C0055EBAD /* Demo data */ = {
			isa = PBXGroup;
			children = (
				2CB448E2259CDCC10017702E /* NetworkService.swift */,
				2CB448E5259CDDEC0017702E /* UserForm.swift */,
				2C7D12DD2610D6DE0037F856 /* NewsForm.swift */,
				2CB448E8259CDE020017702E /* CommunitiesForm.swift */,
			);
			path = "Demo data";
			sourceTree = "<group>";
		};
		2C2D92042597A0060055EBAD /* MyFriends */ = {
			isa = PBXGroup;
			children = (
				2C2D92052597A0800055EBAD /* MyFriendsController.swift */,
				2CFF20B125EC13E500F4ED26 /* MyFriendsCell .swift */,
				2CFF20B225EC13E500F4ED26 /* MyFriendsCell.xib */,
			);
			path = MyFriends;
			sourceTree = "<group>";
		};
		2C2D920E2597C3FB0055EBAD /* Photos */ = {
			isa = PBXGroup;
			children = (
				2CA5774D2645C264006B4EE7 /* PhotoAsyncViewController.swift */,
				2CA577502645C272006B4EE7 /* PhotoAsyncCellNode.swift */,
			);
			path = Photos;
			sourceTree = "<group>";
		};
		2C38496A25B433C300DEFBA0 /* News */ = {
			isa = PBXGroup;
			children = (
				2C38496B25B433DA00DEFBA0 /* NewsViewController.swift */,
				2C38496F25B436E900DEFBA0 /* PostTableViewCell.swift */,
				2C38497025B436E900DEFBA0 /* PostTableViewCell.xib */,
			);
			path = News;
			sourceTree = "<group>";
		};
		2C61669725D999BA000B0E1D /* Service */ = {
			isa = PBXGroup;
			children = (
				2CEBDA4225F61B3C0084D350 /* Realm */,
				2C24DAFD26235F9700A25DE4 /* OperaionManager */,
				2C24DAFF26235FAD00A25DE4 /* PromiseManager */,
				2C506F1B25D0223300828B12 /* Session.swift */,
				2C0B98AD25D5957F001FA414 /* NetworkManager.swift */,
				2C1A4CA02633447C0039BC0C /* ImageNetwork.swift */,
			);
			path = Service;
			sourceTree = "<group>";
		};
		2C99C4822619D4C600E77170 /* Delegate files */ = {
			isa = PBXGroup;
			children = (
				2CB9CC22258DF71B0001C773 /* SceneDelegate.swift */,
				2CB9CC20258DF71B0001C773 /* AppDelegate.swift */,
			);
			path = "Delegate files";
			sourceTree = "<group>";
		};
		2C99C4832619D4D600E77170 /* TabBar */ = {
			isa = PBXGroup;
			children = (
				2CDB5FF025EE405900CA95A0 /* MainTabBar.swift */,
			);
			path = TabBar;
			sourceTree = "<group>";
		};
		2C99C4842619D4EE00E77170 /* Login */ = {
			isa = PBXGroup;
			children = (
				2CB9CC36258DF7810001C773 /* LoginFormViewController.swift */,
				2C0B98A225D58584001FA414 /* VKLoginViewController.swift */,
			);
			path = Login;
			sourceTree = "<group>";
		};
		2C99C4872619D55200E77170 /* All News */ = {
			isa = PBXGroup;
			children = (
				2C65857D260CE69600538799 /* News.swift */,
				2CBD07372618E28200982ADF /* NewsGroup.swift */,
				2CBD073B2618E29E00982ADF /* NewsUser.swift */,
			);
			path = "All News";
			sourceTree = "<group>";
		};
		2CB2DC3B25A4894000696543 /* ShadowImageSettings */ = {
			isa = PBXGroup;
			children = (
				2CCA11CF25A3844D0004E430 /* ShadowImageSettings.swift */,
			);
			path = ShadowImageSettings;
			sourceTree = "<group>";
		};
		2CB9CC14258DF71B0001C773 = {
			isa = PBXGroup;
			children = (
				2CB9CC1F258DF71B0001C773 /* VK Client */,
				2CB9CC1E258DF71B0001C773 /* Products */,
				BCBDFC18411052B3172B0DC6 /* Pods */,
				5C04B40334DA1145FB88476D /* Frameworks */,
			);
			sourceTree = "<group>";
			usesTabs = 0;
		};
		2CB9CC1E258DF71B0001C773 /* Products */ = {
			isa = PBXGroup;
			children = (
				2CB9CC1D258DF71B0001C773 /* VK Client.app */,
			);
			name = Products;
			sourceTree = "<group>";
		};
		2CB9CC1F258DF71B0001C773 /* VK Client */ = {
			isa = PBXGroup;
			children = (
				2C00A8A425C854FF0014C9D5 /* Animation */,
				2C2D91FA2597972C0055EBAD /* Demo data */,
				2C61669725D999BA000B0E1D /* Service */,
				2CDF9C1F2631C8280010F7F0 /* Cache */,
				2CE9E95A25DADCC60028184C /* Models */,
				2C38496A25B433C300DEFBA0 /* News */,
				2C1A4C99263344130039BC0C /* FullPhoto */,
				2C2D920E2597C3FB0055EBAD /* Photos */,
				2CDA0E822645BEA600387996 /* Albums */,
				2C2D92042597A0060055EBAD /* MyFriends */,
				2C2D91E9259741BD0055EBAD /* MyCommunities */,
				2C2D91DF2597293F0055EBAD /* AllCommunities */,
				2C99C4842619D4EE00E77170 /* Login */,
				2C99C4832619D4D600E77170 /* TabBar */,
				2C99C4822619D4C600E77170 /* Delegate files */,
				2CB9CC2B258DF71C0001C773 /* LaunchScreen.storyboard */,
				2CB9CC26258DF71B0001C773 /* Main.storyboard */,
				2CB9CC2E258DF71C0001C773 /* Info.plist */,
				2C32A2B325A4D1F000CB6755 /* Assets.xcassets */,
			);
			path = "VK Client";
			sourceTree = "<group>";
		};
		2CDA0E822645BEA600387996 /* Albums */ = {
			isa = PBXGroup;
			children = (
				2C53963E264525110059497C /* AlbumsAsyncViewController.swift */,
				2CF8A30C26453D1200FE82FD /* AlbumsAsyncCellNode.swift */,
			);
			path = Albums;
			sourceTree = "<group>";
		};
		2CDF9C1F2631C8280010F7F0 /* Cache */ = {
			isa = PBXGroup;
			children = (
				2CCE10F42629F01F0015687D /* CacheService.swift */,
			);
			path = Cache;
			sourceTree = "<group>";
		};
		2CE9E95A25DADCC60028184C /* Models */ = {
			isa = PBXGroup;
			children = (
				2C99C4872619D55200E77170 /* All News */,
				2CDD7CDF25E13EEE00914BA3 /* UserPhotos.swift */,
				2CE9E95B25DADCD50028184C /* User.swift */,
				2CEB7778261089670005C587 /* Group.swift */,
				2C69D41C264524070040E885 /* Albums.swift */,
			);
			path = Models;
			sourceTree = "<group>";
		};
		2CEBDA4225F61B3C0084D350 /* Realm */ = {
			isa = PBXGroup;
			children = (
				2CEBDA4325F61B5D0084D350 /* RealmManager.swift */,
				2CDF9C1C2631C6700010F7F0 /* RealmFunc.swift */,
			);
			path = Realm;
			sourceTree = "<group>";
		};
		5C04B40334DA1145FB88476D /* Frameworks */ = {
			isa = PBXGroup;
			children = (
				2CFB0B8825F297680034D1D8 /* Realm.framework */,
				2CFB0B8525F297650034D1D8 /* RealmSwift.framework */,
				2CFB0B8225F297610034D1D8 /* SwiftyJSON.framework */,
				2C0B98B025D59B64001FA414 /* WebKit.framework */,
				54B027F4C9B1E4718DD25EDA /* Pods_VK_Client.framework */,
			);
			name = Frameworks;
			sourceTree = "<group>";
		};
		BCBDFC18411052B3172B0DC6 /* Pods */ = {
			isa = PBXGroup;
			children = (
				0B56A1ACF2BE0F7DAFBCBF49 /* Pods-VK Client.debug.xcconfig */,
				0DA304EB16A16CAAAF63E4C4 /* Pods-VK Client.release.xcconfig */,
			);
			path = Pods;
			sourceTree = "<group>";
		};
/* End PBXGroup section */

/* Begin PBXNativeTarget section */
		2CB9CC1C258DF71B0001C773 /* VK Client */ = {
			isa = PBXNativeTarget;
			buildConfigurationList = 2CB9CC31258DF71C0001C773 /* Build configuration list for PBXNativeTarget "VK Client" */;
			buildPhases = (
				74BA22C5C100C8ADB58177FE /* [CP] Check Pods Manifest.lock */,
				2CB9CC19258DF71B0001C773 /* Sources */,
				2CB9CC1A258DF71B0001C773 /* Frameworks */,
				2CB9CC1B258DF71B0001C773 /* Resources */,
				FEC37B85F108AF2D70980116 /* [CP] Embed Pods Frameworks */,
			);
			buildRules = (
			);
			dependencies = (
			);
			name = "VK Client";
			productName = "VK Client";
			productReference = 2CB9CC1D258DF71B0001C773 /* VK Client.app */;
			productType = "com.apple.product-type.application";
		};
/* End PBXNativeTarget section */

/* Begin PBXProject section */
		2CB9CC15258DF71B0001C773 /* Project object */ = {
			isa = PBXProject;
			attributes = {
				LastSwiftUpdateCheck = 1220;
				LastUpgradeCheck = 1220;
				TargetAttributes = {
					2CB9CC1C258DF71B0001C773 = {
						CreatedOnToolsVersion = 12.2;
					};
				};
			};
			buildConfigurationList = 2CB9CC18258DF71B0001C773 /* Build configuration list for PBXProject "VK Client" */;
			compatibilityVersion = "Xcode 12.0";
			developmentRegion = en;
			hasScannedForEncodings = 0;
			knownRegions = (
				en,
				Base,
			);
			mainGroup = 2CB9CC14258DF71B0001C773;
			productRefGroup = 2CB9CC1E258DF71B0001C773 /* Products */;
			projectDirPath = "";
			projectRoot = "";
			targets = (
				2CB9CC1C258DF71B0001C773 /* VK Client */,
			);
		};
/* End PBXProject section */

/* Begin PBXResourcesBuildPhase section */
		2CB9CC1B258DF71B0001C773 /* Resources */ = {
			isa = PBXResourcesBuildPhase;
			buildActionMask = 2147483647;
			files = (
				2CFE90E325EA2F4B00167CD4 /* MyCommunitiesCell.xib in Resources */,
				2CFF20B425EC13E500F4ED26 /* MyFriendsCell.xib in Resources */,
				2CB9CC2D258DF71C0001C773 /* LaunchScreen.storyboard in Resources */,
				2C32A2B425A4D1F000CB6755 /* Assets.xcassets in Resources */,
				2CB9CC28258DF71B0001C773 /* Main.storyboard in Resources */,
				2C38497225B436E900DEFBA0 /* PostTableViewCell.xib in Resources */,
			);
			runOnlyForDeploymentPostprocessing = 0;
		};
/* End PBXResourcesBuildPhase section */

/* Begin PBXShellScriptBuildPhase section */
		74BA22C5C100C8ADB58177FE /* [CP] Check Pods Manifest.lock */ = {
			isa = PBXShellScriptBuildPhase;
			buildActionMask = 2147483647;
			files = (
			);
			inputFileListPaths = (
			);
			inputPaths = (
				"${PODS_PODFILE_DIR_PATH}/Podfile.lock",
				"${PODS_ROOT}/Manifest.lock",
			);
			name = "[CP] Check Pods Manifest.lock";
			outputFileListPaths = (
			);
			outputPaths = (
				"$(DERIVED_FILE_DIR)/Pods-VK Client-checkManifestLockResult.txt",
			);
			runOnlyForDeploymentPostprocessing = 0;
			shellPath = /bin/sh;
			shellScript = "diff \"${PODS_PODFILE_DIR_PATH}/Podfile.lock\" \"${PODS_ROOT}/Manifest.lock\" > /dev/null\nif [ $? != 0 ] ; then\n    # print error to STDERR\n    echo \"error: The sandbox is not in sync with the Podfile.lock. Run 'pod install' or update your CocoaPods installation.\" >&2\n    exit 1\nfi\n# This output is used by Xcode 'outputs' to avoid re-running this script phase.\necho \"SUCCESS\" > \"${SCRIPT_OUTPUT_FILE_0}\"\n";
			showEnvVarsInLog = 0;
		};
		FEC37B85F108AF2D70980116 /* [CP] Embed Pods Frameworks */ = {
			isa = PBXShellScriptBuildPhase;
			buildActionMask = 2147483647;
			files = (
			);
			inputFileListPaths = (
				"${PODS_ROOT}/Target Support Files/Pods-VK Client/Pods-VK Client-frameworks-${CONFIGURATION}-input-files.xcfilelist",
			);
			name = "[CP] Embed Pods Frameworks";
			outputFileListPaths = (
				"${PODS_ROOT}/Target Support Files/Pods-VK Client/Pods-VK Client-frameworks-${CONFIGURATION}-output-files.xcfilelist",
			);
			runOnlyForDeploymentPostprocessing = 0;
			shellPath = /bin/sh;
			shellScript = "\"${PODS_ROOT}/Target Support Files/Pods-VK Client/Pods-VK Client-frameworks.sh\"\n";
			showEnvVarsInLog = 0;
		};
/* End PBXShellScriptBuildPhase section */

/* Begin PBXSourcesBuildPhase section */
		2CB9CC19258DF71B0001C773 /* Sources */ = {
			isa = PBXSourcesBuildPhase;
			buildActionMask = 2147483647;
			files = (
				2C2D91E625972AB30055EBAD /* AllCommunitiesCell.swift in Sources */,
				2CB448E9259CDE020017702E /* CommunitiesForm.swift in Sources */,
				2CDA95AA25CB039900AE6FBC /* CusomInteractiveTransitionVC.swift in Sources */,
				2CB9CC37258DF7810001C773 /* LoginFormViewController.swift in Sources */,
				2C1A4C9C263344530039BC0C /* FullPhotoCollectionViewController.swift in Sources */,
				2CB448E6259CDDEC0017702E /* UserForm.swift in Sources */,
				2CB9CC21258DF71B0001C773 /* AppDelegate.swift in Sources */,
				2CA577512645C272006B4EE7 /* PhotoAsyncCellNode.swift in Sources */,
				2CE9E95C25DADCD50028184C /* User.swift in Sources */,
				2C0B98A325D58584001FA414 /* VKLoginViewController.swift in Sources */,
				2CF8A30D26453D1200FE82FD /* AlbumsAsyncCellNode.swift in Sources */,
				2C2D91EF259742150055EBAD /* MyCommunitiesController.swift in Sources */,
				2C65857E260CE69600538799 /* News.swift in Sources */,
				2CDCDE9B262345E000183747 /* UsersDataPromise.swift in Sources */,
				2CBD073C2618E29E00982ADF /* NewsUser.swift in Sources */,
				2CB9CC23258DF71B0001C773 /* SceneDelegate.swift in Sources */,
				2CB448E3259CDCC10017702E /* NetworkService.swift in Sources */,
				2CDF9C1D2631C6700010F7F0 /* RealmFunc.swift in Sources */,
				2CCE10F52629F01F0015687D /* CacheService.swift in Sources */,
				2CEA8B36261F5EB300A9DC87 /* GroupsOperations.swift in Sources */,
				2C2D92062597A0800055EBAD /* MyFriendsController.swift in Sources */,
				2C0B98AE25D5957F001FA414 /* NetworkManager.swift in Sources */,
				2CFF20B325EC13E500F4ED26 /* MyFriendsCell .swift in Sources */,
				2C38497125B436E900DEFBA0 /* PostTableViewCell.swift in Sources */,
				2CDD7CE025E13EEE00914BA3 /* UserPhotos.swift in Sources */,
				2CEBDA4425F61B5D0084D350 /* RealmManager.swift in Sources */,
				2CA5774E2645C264006B4EE7 /* PhotoAsyncViewController.swift in Sources */,
				2C1A4CA22633447C0039BC0C /* ImageNetwork.swift in Sources */,
				2C1A33F225C9B353000EE622 /* CustomPopAnimator.swift in Sources */,
				2CCA11D025A3844D0004E430 /* ShadowImageSettings.swift in Sources */,
				2C1A33EB25C9AE5D000EE622 /* CustomNavigationViewController.swift in Sources */,
				2C7D12DE2610D6DE0037F856 /* NewsForm.swift in Sources */,
				2C506F1C25D0223300828B12 /* Session.swift in Sources */,
				2C2D91E325972A710055EBAD /* AllCommunitiesController.swift in Sources */,
				2CEB7779261089670005C587 /* Group.swift in Sources */,
				2C38496C25B433DA00DEFBA0 /* NewsViewController.swift in Sources */,
				2CDB5FF125EE405900CA95A0 /* MainTabBar.swift in Sources */,
				2CBD07382618E28200982ADF /* NewsGroup.swift in Sources */,
				2C53963F264525110059497C /* AlbumsAsyncViewController.swift in Sources */,
				2CFE90E225EA2F4B00167CD4 /* MyCommunitiesCell.swift in Sources */,
				2C4191B225BF2C850091F973 /* FadingCircleView.swift in Sources */,
				2C69D41D264524070040E885 /* Albums.swift in Sources */,
				2CEA8B39261F5F6C00A9DC87 /* AsyncOperation.swift in Sources */,
				2C1A33EF25C9AF97000EE622 /* CustomPushAnimator.swift in Sources */,
			);
			runOnlyForDeploymentPostprocessing = 0;
		};
/* End PBXSourcesBuildPhase section */

/* Begin PBXVariantGroup section */
		2CB9CC26258DF71B0001C773 /* Main.storyboard */ = {
			isa = PBXVariantGroup;
			children = (
				2CB9CC27258DF71B0001C773 /* Base */,
			);
			name = Main.storyboard;
			sourceTree = "<group>";
		};
		2CB9CC2B258DF71C0001C773 /* LaunchScreen.storyboard */ = {
			isa = PBXVariantGroup;
			children = (
				2CB9CC2C258DF71C0001C773 /* Base */,
			);
			name = LaunchScreen.storyboard;
			sourceTree = "<group>";
		};
/* End PBXVariantGroup section */

/* Begin XCBuildConfiguration section */
		2CB9CC2F258DF71C0001C773 /* Debug */ = {
			isa = XCBuildConfiguration;
			buildSettings = {
				ALWAYS_SEARCH_USER_PATHS = NO;
				CLANG_ANALYZER_NONNULL = YES;
				CLANG_ANALYZER_NUMBER_OBJECT_CONVERSION = YES_AGGRESSIVE;
				CLANG_CXX_LANGUAGE_STANDARD = "gnu++14";
				CLANG_CXX_LIBRARY = "libc++";
				CLANG_ENABLE_MODULES = YES;
				CLANG_ENABLE_OBJC_ARC = YES;
				CLANG_ENABLE_OBJC_WEAK = YES;
				CLANG_WARN_BLOCK_CAPTURE_AUTORELEASING = YES;
				CLANG_WARN_BOOL_CONVERSION = YES;
				CLANG_WARN_COMMA = YES;
				CLANG_WARN_CONSTANT_CONVERSION = YES;
				CLANG_WARN_DEPRECATED_OBJC_IMPLEMENTATIONS = YES;
				CLANG_WARN_DIRECT_OBJC_ISA_USAGE = YES_ERROR;
				CLANG_WARN_DOCUMENTATION_COMMENTS = YES;
				CLANG_WARN_EMPTY_BODY = YES;
				CLANG_WARN_ENUM_CONVERSION = YES;
				CLANG_WARN_INFINITE_RECURSION = YES;
				CLANG_WARN_INT_CONVERSION = YES;
				CLANG_WARN_NON_LITERAL_NULL_CONVERSION = YES;
				CLANG_WARN_OBJC_IMPLICIT_RETAIN_SELF = YES;
				CLANG_WARN_OBJC_LITERAL_CONVERSION = YES;
				CLANG_WARN_OBJC_ROOT_CLASS = YES_ERROR;
				CLANG_WARN_QUOTED_INCLUDE_IN_FRAMEWORK_HEADER = YES;
				CLANG_WARN_RANGE_LOOP_ANALYSIS = YES;
				CLANG_WARN_STRICT_PROTOTYPES = YES;
				CLANG_WARN_SUSPICIOUS_MOVE = YES;
				CLANG_WARN_UNGUARDED_AVAILABILITY = YES_AGGRESSIVE;
				CLANG_WARN_UNREACHABLE_CODE = YES;
				CLANG_WARN__DUPLICATE_METHOD_MATCH = YES;
				COPY_PHASE_STRIP = NO;
				DEBUG_INFORMATION_FORMAT = dwarf;
				ENABLE_STRICT_OBJC_MSGSEND = YES;
				ENABLE_TESTABILITY = YES;
				GCC_C_LANGUAGE_STANDARD = gnu11;
				GCC_DYNAMIC_NO_PIC = NO;
				GCC_NO_COMMON_BLOCKS = YES;
				GCC_OPTIMIZATION_LEVEL = 0;
				GCC_PREPROCESSOR_DEFINITIONS = (
					"DEBUG=1",
					"$(inherited)",
				);
				GCC_WARN_64_TO_32_BIT_CONVERSION = YES;
				GCC_WARN_ABOUT_RETURN_TYPE = YES_ERROR;
				GCC_WARN_UNDECLARED_SELECTOR = YES;
				GCC_WARN_UNINITIALIZED_AUTOS = YES_AGGRESSIVE;
				GCC_WARN_UNUSED_FUNCTION = YES;
				GCC_WARN_UNUSED_VARIABLE = YES;
				IPHONEOS_DEPLOYMENT_TARGET = 14.2;
				MTL_ENABLE_DEBUG_INFO = INCLUDE_SOURCE;
				MTL_FAST_MATH = YES;
				ONLY_ACTIVE_ARCH = YES;
				SDKROOT = iphoneos;
				SWIFT_ACTIVE_COMPILATION_CONDITIONS = DEBUG;
				SWIFT_OPTIMIZATION_LEVEL = "-Onone";
			};
			name = Debug;
		};
		2CB9CC30258DF71C0001C773 /* Release */ = {
			isa = XCBuildConfiguration;
			buildSettings = {
				ALWAYS_SEARCH_USER_PATHS = NO;
				CLANG_ANALYZER_NONNULL = YES;
				CLANG_ANALYZER_NUMBER_OBJECT_CONVERSION = YES_AGGRESSIVE;
				CLANG_CXX_LANGUAGE_STANDARD = "gnu++14";
				CLANG_CXX_LIBRARY = "libc++";
				CLANG_ENABLE_MODULES = YES;
				CLANG_ENABLE_OBJC_ARC = YES;
				CLANG_ENABLE_OBJC_WEAK = YES;
				CLANG_WARN_BLOCK_CAPTURE_AUTORELEASING = YES;
				CLANG_WARN_BOOL_CONVERSION = YES;
				CLANG_WARN_COMMA = YES;
				CLANG_WARN_CONSTANT_CONVERSION = YES;
				CLANG_WARN_DEPRECATED_OBJC_IMPLEMENTATIONS = YES;
				CLANG_WARN_DIRECT_OBJC_ISA_USAGE = YES_ERROR;
				CLANG_WARN_DOCUMENTATION_COMMENTS = YES;
				CLANG_WARN_EMPTY_BODY = YES;
				CLANG_WARN_ENUM_CONVERSION = YES;
				CLANG_WARN_INFINITE_RECURSION = YES;
				CLANG_WARN_INT_CONVERSION = YES;
				CLANG_WARN_NON_LITERAL_NULL_CONVERSION = YES;
				CLANG_WARN_OBJC_IMPLICIT_RETAIN_SELF = YES;
				CLANG_WARN_OBJC_LITERAL_CONVERSION = YES;
				CLANG_WARN_OBJC_ROOT_CLASS = YES_ERROR;
				CLANG_WARN_QUOTED_INCLUDE_IN_FRAMEWORK_HEADER = YES;
				CLANG_WARN_RANGE_LOOP_ANALYSIS = YES;
				CLANG_WARN_STRICT_PROTOTYPES = YES;
				CLANG_WARN_SUSPICIOUS_MOVE = YES;
				CLANG_WARN_UNGUARDED_AVAILABILITY = YES_AGGRESSIVE;
				CLANG_WARN_UNREACHABLE_CODE = YES;
				CLANG_WARN__DUPLICATE_METHOD_MATCH = YES;
				COPY_PHASE_STRIP = NO;
				DEBUG_INFORMATION_FORMAT = "dwarf-with-dsym";
				ENABLE_NS_ASSERTIONS = NO;
				ENABLE_STRICT_OBJC_MSGSEND = YES;
				GCC_C_LANGUAGE_STANDARD = gnu11;
				GCC_NO_COMMON_BLOCKS = YES;
				GCC_WARN_64_TO_32_BIT_CONVERSION = YES;
				GCC_WARN_ABOUT_RETURN_TYPE = YES_ERROR;
				GCC_WARN_UNDECLARED_SELECTOR = YES;
				GCC_WARN_UNINITIALIZED_AUTOS = YES_AGGRESSIVE;
				GCC_WARN_UNUSED_FUNCTION = YES;
				GCC_WARN_UNUSED_VARIABLE = YES;
				IPHONEOS_DEPLOYMENT_TARGET = 14.2;
				MTL_ENABLE_DEBUG_INFO = NO;
				MTL_FAST_MATH = YES;
				SDKROOT = iphoneos;
				SWIFT_COMPILATION_MODE = wholemodule;
				SWIFT_OPTIMIZATION_LEVEL = "-O";
				VALIDATE_PRODUCT = YES;
			};
			name = Release;
		};
		2CB9CC32258DF71C0001C773 /* Debug */ = {
			isa = XCBuildConfiguration;
			baseConfigurationReference = 0B56A1ACF2BE0F7DAFBCBF49 /* Pods-VK Client.debug.xcconfig */;
			buildSettings = {
				ASSETCATALOG_COMPILER_APPICON_NAME = AppIcon;
				ASSETCATALOG_COMPILER_GLOBAL_ACCENT_COLOR_NAME = AccentColor;
				CODE_SIGN_STYLE = Automatic;
				DEVELOPMENT_TEAM = HV42WC9YAP;
				INFOPLIST_FILE = "VK Client/Info.plist";
				LD_RUNPATH_SEARCH_PATHS = (
					"$(inherited)",
					"@executable_path/Frameworks",
				);
				PRODUCT_BUNDLE_IDENTIFIER = "galishanova.VK-Client";
				PRODUCT_NAME = "$(TARGET_NAME)";
				SWIFT_VERSION = 5.0;
				TARGETED_DEVICE_FAMILY = "1,2";
			};
			name = Debug;
		};
		2CB9CC33258DF71C0001C773 /* Release */ = {
			isa = XCBuildConfiguration;
			baseConfigurationReference = 0DA304EB16A16CAAAF63E4C4 /* Pods-VK Client.release.xcconfig */;
			buildSettings = {
				ASSETCATALOG_COMPILER_APPICON_NAME = AppIcon;
				ASSETCATALOG_COMPILER_GLOBAL_ACCENT_COLOR_NAME = AccentColor;
				CODE_SIGN_STYLE = Automatic;
				DEVELOPMENT_TEAM = HV42WC9YAP;
				INFOPLIST_FILE = "VK Client/Info.plist";
				LD_RUNPATH_SEARCH_PATHS = (
					"$(inherited)",
					"@executable_path/Frameworks",
				);
				PRODUCT_BUNDLE_IDENTIFIER = "galishanova.VK-Client";
				PRODUCT_NAME = "$(TARGET_NAME)";
				SWIFT_VERSION = 5.0;
				TARGETED_DEVICE_FAMILY = "1,2";
			};
			name = Release;
		};
/* End XCBuildConfiguration section */

/* Begin XCConfigurationList section */
		2CB9CC18258DF71B0001C773 /* Build configuration list for PBXProject "VK Client" */ = {
			isa = XCConfigurationList;
			buildConfigurations = (
				2CB9CC2F258DF71C0001C773 /* Debug */,
				2CB9CC30258DF71C0001C773 /* Release */,
			);
			defaultConfigurationIsVisible = 0;
			defaultConfigurationName = Release;
		};
		2CB9CC31258DF71C0001C773 /* Build configuration list for PBXNativeTarget "VK Client" */ = {
			isa = XCConfigurationList;
			buildConfigurations = (
				2CB9CC32258DF71C0001C773 /* Debug */,
				2CB9CC33258DF71C0001C773 /* Release */,
			);
			defaultConfigurationIsVisible = 0;
			defaultConfigurationName = Release;
		};
/* End XCConfigurationList section */
	};
	rootObject = 2CB9CC15258DF71B0001C773 /* Project object */;
}
